// !$*UTF8*$!
{
	archiveVersion = 1;
	classes = {
	};
	objectVersion = 46;
	objects = {

/* Begin PBXBuildFile section */
		345353BE7B4E1953E8707A88 /* libPods.a in Frameworks */ = {isa = PBXBuildFile; fileRef = 7844F9973A4118D6864FDBB9 /* libPods.a */; };
		350B2BE51C4E894B0051BA25 /* LoginNavigationController.m in Sources */ = {isa = PBXBuildFile; fileRef = 350B2BE41C4E894B0051BA25 /* LoginNavigationController.m */; settings = {ASSET_TAGS = (); }; };
		350B2BE81C4ECD5D0051BA25 /* DataFetcher.m in Sources */ = {isa = PBXBuildFile; fileRef = 350B2BE71C4ECD5D0051BA25 /* DataFetcher.m */; settings = {ASSET_TAGS = (); }; };
		350B2BEB1C4FD9FD0051BA25 /* InstagramHomeCell.m in Sources */ = {isa = PBXBuildFile; fileRef = 350B2BEA1C4FD9FD0051BA25 /* InstagramHomeCell.m */; settings = {ASSET_TAGS = (); }; };
		350B2BF41C5035780051BA25 /* InstagramUser.m in Sources */ = {isa = PBXBuildFile; fileRef = 350B2BF31C5035780051BA25 /* InstagramUser.m */; settings = {ASSET_TAGS = (); }; };
		350B2BF71C5035990051BA25 /* InstagramHome.m in Sources */ = {isa = PBXBuildFile; fileRef = 350B2BF61C5035990051BA25 /* InstagramHome.m */; settings = {ASSET_TAGS = (); }; };
		355ECB881C4943D100B0C089 /* main.m in Sources */ = {isa = PBXBuildFile; fileRef = 355ECB871C4943D100B0C089 /* main.m */; };
		355ECB8B1C4943D100B0C089 /* AppDelegate.m in Sources */ = {isa = PBXBuildFile; fileRef = 355ECB8A1C4943D100B0C089 /* AppDelegate.m */; };
		355ECB8E1C4943D100B0C089 /* InstagramHomeViewController.m in Sources */ = {isa = PBXBuildFile; fileRef = 355ECB8D1C4943D100B0C089 /* InstagramHomeViewController.m */; };
		355ECB911C4943D100B0C089 /* Main.storyboard in Resources */ = {isa = PBXBuildFile; fileRef = 355ECB8F1C4943D100B0C089 /* Main.storyboard */; };
		355ECB941C4943D100B0C089 /* SelfApp1.xcdatamodeld in Sources */ = {isa = PBXBuildFile; fileRef = 355ECB921C4943D100B0C089 /* SelfApp1.xcdatamodeld */; };
		355ECB961C4943D100B0C089 /* Assets.xcassets in Resources */ = {isa = PBXBuildFile; fileRef = 355ECB951C4943D100B0C089 /* Assets.xcassets */; };
		355ECB991C4943D100B0C089 /* LaunchScreen.storyboard in Resources */ = {isa = PBXBuildFile; fileRef = 355ECB971C4943D100B0C089 /* LaunchScreen.storyboard */; };
		355ECBA41C4943D100B0C089 /* SelfApp1Tests.m in Sources */ = {isa = PBXBuildFile; fileRef = 355ECBA31C4943D100B0C089 /* SelfApp1Tests.m */; };
		355ECBAF1C4943D100B0C089 /* SelfApp1UITests.m in Sources */ = {isa = PBXBuildFile; fileRef = 355ECBAE1C4943D100B0C089 /* SelfApp1UITests.m */; };
		355ECBBD1C4971AE00B0C089 /* podfile in Resources */ = {isa = PBXBuildFile; fileRef = 355ECBBC1C4971AE00B0C089 /* podfile */; settings = {ASSET_TAGS = (); }; };
		35FAACD21C4D6F220069EEC6 /* AccessAuthorizer.m in Sources */ = {isa = PBXBuildFile; fileRef = 35FAACD11C4D6F220069EEC6 /* AccessAuthorizer.m */; settings = {ASSET_TAGS = (); }; };
		35FAACD61C4D85920069EEC6 /* UserInfo.m in Sources */ = {isa = PBXBuildFile; fileRef = 35FAACD51C4D85920069EEC6 /* UserInfo.m */; settings = {ASSET_TAGS = (); }; };
		35FAACE01C4D8B4C0069EEC6 /* LoginViewController.m in Sources */ = {isa = PBXBuildFile; fileRef = 35FAACDF1C4D8B4C0069EEC6 /* LoginViewController.m */; settings = {ASSET_TAGS = (); }; };
/* End PBXBuildFile section */

/* Begin PBXContainerItemProxy section */
		355ECBA01C4943D100B0C089 /* PBXContainerItemProxy */ = {
			isa = PBXContainerItemProxy;
			containerPortal = 355ECB7B1C4943D100B0C089 /* Project object */;
			proxyType = 1;
			remoteGlobalIDString = 355ECB821C4943D100B0C089;
			remoteInfo = SelfApp1;
		};
		355ECBAB1C4943D100B0C089 /* PBXContainerItemProxy */ = {
			isa = PBXContainerItemProxy;
			containerPortal = 355ECB7B1C4943D100B0C089 /* Project object */;
			proxyType = 1;
			remoteGlobalIDString = 355ECB821C4943D100B0C089;
			remoteInfo = SelfApp1;
		};
/* End PBXContainerItemProxy section */

/* Begin PBXFileReference section */
		1BE56ECE389C6984DB405A57 /* Pods.release.xcconfig */ = {isa = PBXFileReference; includeInIndex = 1; lastKnownFileType = text.xcconfig; name = Pods.release.xcconfig; path = "Pods/Target Support Files/Pods/Pods.release.xcconfig"; sourceTree = "<group>"; };
		350B2BE31C4E894B0051BA25 /* LoginNavigationController.h */ = {isa = PBXFileReference; fileEncoding = 4; lastKnownFileType = sourcecode.c.h; path = LoginNavigationController.h; sourceTree = "<group>"; };
		350B2BE41C4E894B0051BA25 /* LoginNavigationController.m */ = {isa = PBXFileReference; fileEncoding = 4; lastKnownFileType = sourcecode.c.objc; path = LoginNavigationController.m; sourceTree = "<group>"; };
		350B2BE61C4ECD5D0051BA25 /* DataFetcher.h */ = {isa = PBXFileReference; fileEncoding = 4; lastKnownFileType = sourcecode.c.h; path = DataFetcher.h; sourceTree = "<group>"; };
		350B2BE71C4ECD5D0051BA25 /* DataFetcher.m */ = {isa = PBXFileReference; fileEncoding = 4; lastKnownFileType = sourcecode.c.objc; path = DataFetcher.m; sourceTree = "<group>"; };
		350B2BE91C4FD9FD0051BA25 /* InstagramHomeCell.h */ = {isa = PBXFileReference; fileEncoding = 4; lastKnownFileType = sourcecode.c.h; path = InstagramHomeCell.h; sourceTree = "<group>"; };
		350B2BEA1C4FD9FD0051BA25 /* InstagramHomeCell.m */ = {isa = PBXFileReference; fileEncoding = 4; lastKnownFileType = sourcecode.c.objc; path = InstagramHomeCell.m; sourceTree = "<group>"; };
		350B2BF21C5035780051BA25 /* InstagramUser.h */ = {isa = PBXFileReference; fileEncoding = 4; lastKnownFileType = sourcecode.c.h; path = InstagramUser.h; sourceTree = "<group>"; };
		350B2BF31C5035780051BA25 /* InstagramUser.m */ = {isa = PBXFileReference; fileEncoding = 4; lastKnownFileType = sourcecode.c.objc; path = InstagramUser.m; sourceTree = "<group>"; };
		350B2BF51C5035990051BA25 /* InstagramHome.h */ = {isa = PBXFileReference; fileEncoding = 4; lastKnownFileType = sourcecode.c.h; path = InstagramHome.h; sourceTree = "<group>"; };
		350B2BF61C5035990051BA25 /* InstagramHome.m */ = {isa = PBXFileReference; fileEncoding = 4; lastKnownFileType = sourcecode.c.objc; path = InstagramHome.m; sourceTree = "<group>"; };
		350B2BFA1C5036310051BA25 /* DataHandler.h */ = {isa = PBXFileReference; fileEncoding = 4; lastKnownFileType = sourcecode.c.h; path = DataHandler.h; sourceTree = "<group>"; };
		355ECB831C4943D100B0C089 /* SelfApp1.app */ = {isa = PBXFileReference; explicitFileType = wrapper.application; includeInIndex = 0; path = SelfApp1.app; sourceTree = BUILT_PRODUCTS_DIR; };
		355ECB871C4943D100B0C089 /* main.m */ = {isa = PBXFileReference; lastKnownFileType = sourcecode.c.objc; path = main.m; sourceTree = "<group>"; };
		355ECB891C4943D100B0C089 /* AppDelegate.h */ = {isa = PBXFileReference; lastKnownFileType = sourcecode.c.h; path = AppDelegate.h; sourceTree = "<group>"; };
		355ECB8A1C4943D100B0C089 /* AppDelegate.m */ = {isa = PBXFileReference; lastKnownFileType = sourcecode.c.objc; path = AppDelegate.m; sourceTree = "<group>"; };
		355ECB8C1C4943D100B0C089 /* InstagramHomeViewController.h */ = {isa = PBXFileReference; lastKnownFileType = sourcecode.c.h; path = InstagramHomeViewController.h; sourceTree = "<group>"; };
		355ECB8D1C4943D100B0C089 /* InstagramHomeViewController.m */ = {isa = PBXFileReference; lastKnownFileType = sourcecode.c.objc; path = InstagramHomeViewController.m; sourceTree = "<group>"; };
		355ECB901C4943D100B0C089 /* Base */ = {isa = PBXFileReference; lastKnownFileType = file.storyboard; name = Base; path = Base.lproj/Main.storyboard; sourceTree = "<group>"; };
		355ECB931C4943D100B0C089 /* SelfApp1.xcdatamodel */ = {isa = PBXFileReference; lastKnownFileType = wrapper.xcdatamodel; path = SelfApp1.xcdatamodel; sourceTree = "<group>"; };
		355ECB951C4943D100B0C089 /* Assets.xcassets */ = {isa = PBXFileReference; lastKnownFileType = folder.assetcatalog; path = Assets.xcassets; sourceTree = "<group>"; };
		355ECB981C4943D100B0C089 /* Base */ = {isa = PBXFileReference; lastKnownFileType = file.storyboard; name = Base; path = Base.lproj/LaunchScreen.storyboard; sourceTree = "<group>"; };
		355ECB9A1C4943D100B0C089 /* Info.plist */ = {isa = PBXFileReference; lastKnownFileType = text.plist.xml; path = Info.plist; sourceTree = "<group>"; };
		355ECB9F1C4943D100B0C089 /* SelfApp1Tests.xctest */ = {isa = PBXFileReference; explicitFileType = wrapper.cfbundle; includeInIndex = 0; path = SelfApp1Tests.xctest; sourceTree = BUILT_PRODUCTS_DIR; };
		355ECBA31C4943D100B0C089 /* SelfApp1Tests.m */ = {isa = PBXFileReference; lastKnownFileType = sourcecode.c.objc; path = SelfApp1Tests.m; sourceTree = "<group>"; };
		355ECBA51C4943D100B0C089 /* Info.plist */ = {isa = PBXFileReference; lastKnownFileType = text.plist.xml; path = Info.plist; sourceTree = "<group>"; };
		355ECBAA1C4943D100B0C089 /* SelfApp1UITests.xctest */ = {isa = PBXFileReference; explicitFileType = wrapper.cfbundle; includeInIndex = 0; path = SelfApp1UITests.xctest; sourceTree = BUILT_PRODUCTS_DIR; };
		355ECBAE1C4943D100B0C089 /* SelfApp1UITests.m */ = {isa = PBXFileReference; lastKnownFileType = sourcecode.c.objc; path = SelfApp1UITests.m; sourceTree = "<group>"; };
		355ECBB01C4943D100B0C089 /* Info.plist */ = {isa = PBXFileReference; lastKnownFileType = text.plist.xml; path = Info.plist; sourceTree = "<group>"; };
		355ECBBC1C4971AE00B0C089 /* podfile */ = {isa = PBXFileReference; fileEncoding = 4; lastKnownFileType = text; path = podfile; sourceTree = "<group>"; xcLanguageSpecificationIdentifier = xcode.lang.ruby; };
		35EDD3881C5140D600EE497C /* URLConstructor.h */ = {isa = PBXFileReference; fileEncoding = 4; lastKnownFileType = sourcecode.c.h; path = URLConstructor.h; sourceTree = "<group>"; };
		35FAACD01C4D6F220069EEC6 /* AccessAuthorizer.h */ = {isa = PBXFileReference; fileEncoding = 4; lastKnownFileType = sourcecode.c.h; path = AccessAuthorizer.h; sourceTree = "<group>"; };
		35FAACD11C4D6F220069EEC6 /* AccessAuthorizer.m */ = {isa = PBXFileReference; fileEncoding = 4; lastKnownFileType = sourcecode.c.objc; path = AccessAuthorizer.m; sourceTree = "<group>"; };
		35FAACD41C4D85920069EEC6 /* UserInfo.h */ = {isa = PBXFileReference; fileEncoding = 4; lastKnownFileType = sourcecode.c.h; path = UserInfo.h; sourceTree = "<group>"; };
		35FAACD51C4D85920069EEC6 /* UserInfo.m */ = {isa = PBXFileReference; fileEncoding = 4; lastKnownFileType = sourcecode.c.objc; path = UserInfo.m; sourceTree = "<group>"; };
		35FAACDE1C4D8B4C0069EEC6 /* LoginViewController.h */ = {isa = PBXFileReference; fileEncoding = 4; lastKnownFileType = sourcecode.c.h; path = LoginViewController.h; sourceTree = "<group>"; };
		35FAACDF1C4D8B4C0069EEC6 /* LoginViewController.m */ = {isa = PBXFileReference; fileEncoding = 4; lastKnownFileType = sourcecode.c.objc; path = LoginViewController.m; sourceTree = "<group>"; };
		7844F9973A4118D6864FDBB9 /* libPods.a */ = {isa = PBXFileReference; explicitFileType = archive.ar; includeInIndex = 0; path = libPods.a; sourceTree = BUILT_PRODUCTS_DIR; };
		C842A4FA9F540977116E3E85 /* Pods.debug.xcconfig */ = {isa = PBXFileReference; includeInIndex = 1; lastKnownFileType = text.xcconfig; name = Pods.debug.xcconfig; path = "Pods/Target Support Files/Pods/Pods.debug.xcconfig"; sourceTree = "<group>"; };
/* End PBXFileReference section */

/* Begin PBXFrameworksBuildPhase section */
		355ECB801C4943D100B0C089 /* Frameworks */ = {
			isa = PBXFrameworksBuildPhase;
			buildActionMask = 2147483647;
			files = (
				345353BE7B4E1953E8707A88 /* libPods.a in Frameworks */,
			);
			runOnlyForDeploymentPostprocessing = 0;
		};
		355ECB9C1C4943D100B0C089 /* Frameworks */ = {
			isa = PBXFrameworksBuildPhase;
			buildActionMask = 2147483647;
			files = (
			);
			runOnlyForDeploymentPostprocessing = 0;
		};
		355ECBA71C4943D100B0C089 /* Frameworks */ = {
			isa = PBXFrameworksBuildPhase;
			buildActionMask = 2147483647;
			files = (
			);
			runOnlyForDeploymentPostprocessing = 0;
		};
/* End PBXFrameworksBuildPhase section */

/* Begin PBXGroup section */
		1269CDE38BBE64AC2734B110 /* Pods */ = {
			isa = PBXGroup;
			children = (
				C842A4FA9F540977116E3E85 /* Pods.debug.xcconfig */,
				1BE56ECE389C6984DB405A57 /* Pods.release.xcconfig */,
			);
			name = Pods;
			sourceTree = "<group>";
		};
		350B2BF81C5035B80051BA25 /* InstagramModels */ = {
			isa = PBXGroup;
			children = (
				350B2BF21C5035780051BA25 /* InstagramUser.h */,
				350B2BF31C5035780051BA25 /* InstagramUser.m */,
				350B2BF51C5035990051BA25 /* InstagramHome.h */,
				350B2BF61C5035990051BA25 /* InstagramHome.m */,
			);
			name = InstagramModels;
			sourceTree = "<group>";
		};
		350B2BF91C5035D70051BA25 /* ScecurityModel */ = {
			isa = PBXGroup;
			children = (
				35FAACD01C4D6F220069EEC6 /* AccessAuthorizer.h */,
				35FAACD11C4D6F220069EEC6 /* AccessAuthorizer.m */,
				35FAACD41C4D85920069EEC6 /* UserInfo.h */,
				35FAACD51C4D85920069EEC6 /* UserInfo.m */,
			);
			name = ScecurityModel;
			sourceTree = "<group>";
		};
		355ECB7A1C4943D100B0C089 = {
			isa = PBXGroup;
			children = (
				355ECBBC1C4971AE00B0C089 /* podfile */,
				355ECB851C4943D100B0C089 /* SelfApp1 */,
				355ECBA21C4943D100B0C089 /* SelfApp1Tests */,
				355ECBAD1C4943D100B0C089 /* SelfApp1UITests */,
				355ECB841C4943D100B0C089 /* Products */,
				1269CDE38BBE64AC2734B110 /* Pods */,
				6671B9483C0F92A0C864450B /* Frameworks */,
			);
			sourceTree = "<group>";
		};
		355ECB841C4943D100B0C089 /* Products */ = {
			isa = PBXGroup;
			children = (
				355ECB831C4943D100B0C089 /* SelfApp1.app */,
				355ECB9F1C4943D100B0C089 /* SelfApp1Tests.xctest */,
				355ECBAA1C4943D100B0C089 /* SelfApp1UITests.xctest */,
			);
			name = Products;
			sourceTree = "<group>";
		};
		355ECB851C4943D100B0C089 /* SelfApp1 */ = {
			isa = PBXGroup;
			children = (
				35FAACE11C4D8B610069EEC6 /* Controllers */,
				35FAACD31C4D6F2E0069EEC6 /* Model */,
				355ECB8F1C4943D100B0C089 /* Main.storyboard */,
				355ECB951C4943D100B0C089 /* Assets.xcassets */,
				355ECB971C4943D100B0C089 /* LaunchScreen.storyboard */,
				355ECB9A1C4943D100B0C089 /* Info.plist */,
				355ECB921C4943D100B0C089 /* SelfApp1.xcdatamodeld */,
				355ECB861C4943D100B0C089 /* Supporting Files */,
			);
			path = SelfApp1;
			sourceTree = "<group>";
		};
		355ECB861C4943D100B0C089 /* Supporting Files */ = {
			isa = PBXGroup;
			children = (
				355ECB871C4943D100B0C089 /* main.m */,
			);
			name = "Supporting Files";
			sourceTree = "<group>";
		};
		355ECBA21C4943D100B0C089 /* SelfApp1Tests */ = {
			isa = PBXGroup;
			children = (
				355ECBA31C4943D100B0C089 /* SelfApp1Tests.m */,
				355ECBA51C4943D100B0C089 /* Info.plist */,
			);
			path = SelfApp1Tests;
			sourceTree = "<group>";
		};
		355ECBAD1C4943D100B0C089 /* SelfApp1UITests */ = {
			isa = PBXGroup;
			children = (
				355ECBAE1C4943D100B0C089 /* SelfApp1UITests.m */,
				355ECBB01C4943D100B0C089 /* Info.plist */,
			);
			path = SelfApp1UITests;
			sourceTree = "<group>";
		};
		35FAACD31C4D6F2E0069EEC6 /* Model */ = {
			isa = PBXGroup;
			children = (
				350B2BE61C4ECD5D0051BA25 /* DataFetcher.h */,
				350B2BE71C4ECD5D0051BA25 /* DataFetcher.m */,
				350B2BFA1C5036310051BA25 /* DataHandler.h */,
				35EDD3881C5140D600EE497C /* URLConstructor.h */,
				350B2BF81C5035B80051BA25 /* InstagramModels */,
				350B2BF91C5035D70051BA25 /* ScecurityModel */,
			);
			name = Model;
			sourceTree = "<group>";
		};
		35FAACE11C4D8B610069EEC6 /* Controllers */ = {
			isa = PBXGroup;
			children = (
				355ECB891C4943D100B0C089 /* AppDelegate.h */,
				355ECB8A1C4943D100B0C089 /* AppDelegate.m */,
				35FAACDE1C4D8B4C0069EEC6 /* LoginViewController.h */,
				35FAACDF1C4D8B4C0069EEC6 /* LoginViewController.m */,
				350B2BE31C4E894B0051BA25 /* LoginNavigationController.h */,
				350B2BE41C4E894B0051BA25 /* LoginNavigationController.m */,
				355ECB8C1C4943D100B0C089 /* InstagramHomeViewController.h */,
				355ECB8D1C4943D100B0C089 /* InstagramHomeViewController.m */,
				350B2BE91C4FD9FD0051BA25 /* InstagramHomeCell.h */,
				350B2BEA1C4FD9FD0051BA25 /* InstagramHomeCell.m */,
			);
			name = Controllers;
			sourceTree = "<group>";
		};
		6671B9483C0F92A0C864450B /* Frameworks */ = {
			isa = PBXGroup;
			children = (
				7844F9973A4118D6864FDBB9 /* libPods.a */,
			);
			name = Frameworks;
			sourceTree = "<group>";
		};
/* End PBXGroup section */

/* Begin PBXNativeTarget section */
		355ECB821C4943D100B0C089 /* SelfApp1 */ = {
			isa = PBXNativeTarget;
			buildConfigurationList = 355ECBB31C4943D100B0C089 /* Build configuration list for PBXNativeTarget "SelfApp1" */;
			buildPhases = (
				EADB50E6C1B3CE26DBF705F5 /* Check Pods Manifest.lock */,
				355ECB7F1C4943D100B0C089 /* Sources */,
				355ECB801C4943D100B0C089 /* Frameworks */,
				355ECB811C4943D100B0C089 /* Resources */,
				DC42149DEF0424D64FC77695 /* Embed Pods Frameworks */,
				D0B71470629DE673871CC507 /* Copy Pods Resources */,
			);
			buildRules = (
			);
			dependencies = (
			);
			name = SelfApp1;
			productName = SelfApp1;
			productReference = 355ECB831C4943D100B0C089 /* SelfApp1.app */;
			productType = "com.apple.product-type.application";
		};
		355ECB9E1C4943D100B0C089 /* SelfApp1Tests */ = {
			isa = PBXNativeTarget;
			buildConfigurationList = 355ECBB61C4943D100B0C089 /* Build configuration list for PBXNativeTarget "SelfApp1Tests" */;
			buildPhases = (
				355ECB9B1C4943D100B0C089 /* Sources */,
				355ECB9C1C4943D100B0C089 /* Frameworks */,
				355ECB9D1C4943D100B0C089 /* Resources */,
			);
			buildRules = (
			);
			dependencies = (
				355ECBA11C4943D100B0C089 /* PBXTargetDependency */,
			);
			name = SelfApp1Tests;
			productName = SelfApp1Tests;
			productReference = 355ECB9F1C4943D100B0C089 /* SelfApp1Tests.xctest */;
			productType = "com.apple.product-type.bundle.unit-test";
		};
		355ECBA91C4943D100B0C089 /* SelfApp1UITests */ = {
			isa = PBXNativeTarget;
			buildConfigurationList = 355ECBB91C4943D100B0C089 /* Build configuration list for PBXNativeTarget "SelfApp1UITests" */;
			buildPhases = (
				355ECBA61C4943D100B0C089 /* Sources */,
				355ECBA71C4943D100B0C089 /* Frameworks */,
				355ECBA81C4943D100B0C089 /* Resources */,
			);
			buildRules = (
			);
			dependencies = (
				355ECBAC1C4943D100B0C089 /* PBXTargetDependency */,
			);
			name = SelfApp1UITests;
			productName = SelfApp1UITests;
			productReference = 355ECBAA1C4943D100B0C089 /* SelfApp1UITests.xctest */;
			productType = "com.apple.product-type.bundle.ui-testing";
		};
/* End PBXNativeTarget section */

/* Begin PBXProject section */
		355ECB7B1C4943D100B0C089 /* Project object */ = {
			isa = PBXProject;
			attributes = {
				LastUpgradeCheck = 0700;
				ORGANIZATIONNAME = "Leon Liang";
				TargetAttributes = {
					355ECB821C4943D100B0C089 = {
						CreatedOnToolsVersion = 7.0;
						DevelopmentTeam = W836L9LQVJ;
					};
					355ECB9E1C4943D100B0C089 = {
						CreatedOnToolsVersion = 7.0;
						DevelopmentTeam = W836L9LQVJ;
						TestTargetID = 355ECB821C4943D100B0C089;
					};
					355ECBA91C4943D100B0C089 = {
						CreatedOnToolsVersion = 7.0;
						DevelopmentTeam = W836L9LQVJ;
						TestTargetID = 355ECB821C4943D100B0C089;
					};
				};
			};
			buildConfigurationList = 355ECB7E1C4943D100B0C089 /* Build configuration list for PBXProject "SelfApp1" */;
			compatibilityVersion = "Xcode 3.2";
			developmentRegion = English;
			hasScannedForEncodings = 0;
			knownRegions = (
				en,
				Base,
			);
			mainGroup = 355ECB7A1C4943D100B0C089;
			productRefGroup = 355ECB841C4943D100B0C089 /* Products */;
			projectDirPath = "";
			projectRoot = "";
			targets = (
				355ECB821C4943D100B0C089 /* SelfApp1 */,
				355ECB9E1C4943D100B0C089 /* SelfApp1Tests */,
				355ECBA91C4943D100B0C089 /* SelfApp1UITests */,
			);
		};
/* End PBXProject section */

/* Begin PBXResourcesBuildPhase section */
		355ECB811C4943D100B0C089 /* Resources */ = {
			isa = PBXResourcesBuildPhase;
			buildActionMask = 2147483647;
			files = (
				355ECB991C4943D100B0C089 /* LaunchScreen.storyboard in Resources */,
				355ECB961C4943D100B0C089 /* Assets.xcassets in Resources */,
				355ECBBD1C4971AE00B0C089 /* podfile in Resources */,
				355ECB911C4943D100B0C089 /* Main.storyboard in Resources */,
			);
			runOnlyForDeploymentPostprocessing = 0;
		};
		355ECB9D1C4943D100B0C089 /* Resources */ = {
			isa = PBXResourcesBuildPhase;
			buildActionMask = 2147483647;
			files = (
			);
			runOnlyForDeploymentPostprocessing = 0;
		};
		355ECBA81C4943D100B0C089 /* Resources */ = {
			isa = PBXResourcesBuildPhase;
			buildActionMask = 2147483647;
			files = (
			);
			runOnlyForDeploymentPostprocessing = 0;
		};
/* End PBXResourcesBuildPhase section */

/* Begin PBXShellScriptBuildPhase section */
		D0B71470629DE673871CC507 /* Copy Pods Resources */ = {
			isa = PBXShellScriptBuildPhase;
			buildActionMask = 2147483647;
			files = (
			);
			inputPaths = (
			);
			name = "Copy Pods Resources";
			outputPaths = (
			);
			runOnlyForDeploymentPostprocessing = 0;
			shellPath = /bin/sh;
			shellScript = "\"${SRCROOT}/Pods/Target Support Files/Pods/Pods-resources.sh\"\n";
			showEnvVarsInLog = 0;
		};
		DC42149DEF0424D64FC77695 /* Embed Pods Frameworks */ = {
			isa = PBXShellScriptBuildPhase;
			buildActionMask = 2147483647;
			files = (
			);
			inputPaths = (
			);
			name = "Embed Pods Frameworks";
			outputPaths = (
			);
			runOnlyForDeploymentPostprocessing = 0;
			shellPath = /bin/sh;
			shellScript = "\"${SRCROOT}/Pods/Target Support Files/Pods/Pods-frameworks.sh\"\n";
			showEnvVarsInLog = 0;
		};
		EADB50E6C1B3CE26DBF705F5 /* Check Pods Manifest.lock */ = {
			isa = PBXShellScriptBuildPhase;
			buildActionMask = 2147483647;
			files = (
			);
			inputPaths = (
			);
			name = "Check Pods Manifest.lock";
			outputPaths = (
			);
			runOnlyForDeploymentPostprocessing = 0;
			shellPath = /bin/sh;
			shellScript = "diff \"${PODS_ROOT}/../Podfile.lock\" \"${PODS_ROOT}/Manifest.lock\" > /dev/null\nif [[ $? != 0 ]] ; then\n    cat << EOM\nerror: The sandbox is not in sync with the Podfile.lock. Run 'pod install' or update your CocoaPods installation.\nEOM\n    exit 1\nfi\n";
			showEnvVarsInLog = 0;
		};
/* End PBXShellScriptBuildPhase section */

/* Begin PBXSourcesBuildPhase section */
		355ECB7F1C4943D100B0C089 /* Sources */ = {
			isa = PBXSourcesBuildPhase;
			buildActionMask = 2147483647;
			files = (
				350B2BE81C4ECD5D0051BA25 /* DataFetcher.m in Sources */,
				355ECB8E1C4943D100B0C089 /* InstagramHomeViewController.m in Sources */,
				355ECB941C4943D100B0C089 /* SelfApp1.xcdatamodeld in Sources */,
				350B2BF41C5035780051BA25 /* InstagramUser.m in Sources */,
				35FAACD21C4D6F220069EEC6 /* AccessAuthorizer.m in Sources */,
				350B2BE51C4E894B0051BA25 /* LoginNavigationController.m in Sources */,
				355ECB8B1C4943D100B0C089 /* AppDelegate.m in Sources */,
				350B2BF71C5035990051BA25 /* InstagramHome.m in Sources */,
				35FAACE01C4D8B4C0069EEC6 /* LoginViewController.m in Sources */,
				350B2BEB1C4FD9FD0051BA25 /* InstagramHomeCell.m in Sources */,
				35FAACD61C4D85920069EEC6 /* UserInfo.m in Sources */,
				355ECB881C4943D100B0C089 /* main.m in Sources */,
			);
			runOnlyForDeploymentPostprocessing = 0;
		};
		355ECB9B1C4943D100B0C089 /* Sources */ = {
			isa = PBXSourcesBuildPhase;
			buildActionMask = 2147483647;
			files = (
				355ECBA41C4943D100B0C089 /* SelfApp1Tests.m in Sources */,
			);
			runOnlyForDeploymentPostprocessing = 0;
		};
		355ECBA61C4943D100B0C089 /* Sources */ = {
			isa = PBXSourcesBuildPhase;
			buildActionMask = 2147483647;
			files = (
				355ECBAF1C4943D100B0C089 /* SelfApp1UITests.m in Sources */,
			);
			runOnlyForDeploymentPostprocessing = 0;
		};
/* End PBXSourcesBuildPhase section */

/* Begin PBXTargetDependency section */
		355ECBA11C4943D100B0C089 /* PBXTargetDependency */ = {
			isa = PBXTargetDependency;
			target = 355ECB821C4943D100B0C089 /* SelfApp1 */;
			targetProxy = 355ECBA01C4943D100B0C089 /* PBXContainerItemProxy */;
		};
		355ECBAC1C4943D100B0C089 /* PBXTargetDependency */ = {
			isa = PBXTargetDependency;
			target = 355ECB821C4943D100B0C089 /* SelfApp1 */;
			targetProxy = 355ECBAB1C4943D100B0C089 /* PBXContainerItemProxy */;
		};
/* End PBXTargetDependency section */

/* Begin PBXVariantGroup section */
		355ECB8F1C4943D100B0C089 /* Main.storyboard */ = {
			isa = PBXVariantGroup;
			children = (
				355ECB901C4943D100B0C089 /* Base */,
			);
			name = Main.storyboard;
			sourceTree = "<group>";
		};
		355ECB971C4943D100B0C089 /* LaunchScreen.storyboard */ = {
			isa = PBXVariantGroup;
			children = (
				355ECB981C4943D100B0C089 /* Base */,
			);
			name = LaunchScreen.storyboard;
			sourceTree = "<group>";
		};
/* End PBXVariantGroup section */

/* Begin XCBuildConfiguration section */
		355ECBB11C4943D100B0C089 /* Debug */ = {
			isa = XCBuildConfiguration;
			buildSettings = {
				ALWAYS_SEARCH_USER_PATHS = NO;
				CLANG_CXX_LANGUAGE_STANDARD = "gnu++0x";
				CLANG_CXX_LIBRARY = "libc++";
				CLANG_ENABLE_MODULES = YES;
				CLANG_ENABLE_OBJC_ARC = YES;
				CLANG_WARN_BOOL_CONVERSION = YES;
				CLANG_WARN_CONSTANT_CONVERSION = YES;
				CLANG_WARN_DIRECT_OBJC_ISA_USAGE = YES_ERROR;
				CLANG_WARN_EMPTY_BODY = YES;
				CLANG_WARN_ENUM_CONVERSION = YES;
				CLANG_WARN_INT_CONVERSION = YES;
				CLANG_WARN_OBJC_ROOT_CLASS = YES_ERROR;
				CLANG_WARN_UNREACHABLE_CODE = YES;
				CLANG_WARN__DUPLICATE_METHOD_MATCH = YES;
				"CODE_SIGN_IDENTITY[sdk=iphoneos*]" = "iPhone Developer";
				COPY_PHASE_STRIP = NO;
				DEBUG_INFORMATION_FORMAT = dwarf;
				ENABLE_STRICT_OBJC_MSGSEND = YES;
				ENABLE_TESTABILITY = YES;
				GCC_C_LANGUAGE_STANDARD = gnu99;
				GCC_DYNAMIC_NO_PIC = NO;
				GCC_NO_COMMON_BLOCKS = YES;
				GCC_OPTIMIZATION_LEVEL = 0;
				GCC_PREPROCESSOR_DEFINITIONS = (
					"DEBUG=1",
					"$(inherited)",
				);
				GCC_WARN_64_TO_32_BIT_CONVERSION = YES;
				GCC_WARN_ABOUT_RETURN_TYPE = YES_ERROR;
				GCC_WARN_UNDECLARED_SELECTOR = YES;
				GCC_WARN_UNINITIALIZED_AUTOS = YES_AGGRESSIVE;
				GCC_WARN_UNUSED_FUNCTION = YES;
				GCC_WARN_UNUSED_VARIABLE = YES;
				IPHONEOS_DEPLOYMENT_TARGET = 9.0;
				MTL_ENABLE_DEBUG_INFO = YES;
				ONLY_ACTIVE_ARCH = YES;
				SDKROOT = iphoneos;
			};
			name = Debug;
		};
		355ECBB21C4943D100B0C089 /* Release */ = {
			isa = XCBuildConfiguration;
			buildSettings = {
				ALWAYS_SEARCH_USER_PATHS = NO;
				CLANG_CXX_LANGUAGE_STANDARD = "gnu++0x";
				CLANG_CXX_LIBRARY = "libc++";
				CLANG_ENABLE_MODULES = YES;
				CLANG_ENABLE_OBJC_ARC = YES;
				CLANG_WARN_BOOL_CONVERSION = YES;
				CLANG_WARN_CONSTANT_CONVERSION = YES;
				CLANG_WARN_DIRECT_OBJC_ISA_USAGE = YES_ERROR;
				CLANG_WARN_EMPTY_BODY = YES;
				CLANG_WARN_ENUM_CONVERSION = YES;
				CLANG_WARN_INT_CONVERSION = YES;
				CLANG_WARN_OBJC_ROOT_CLASS = YES_ERROR;
				CLANG_WARN_UNREACHABLE_CODE = YES;
				CLANG_WARN__DUPLICATE_METHOD_MATCH = YES;
				"CODE_SIGN_IDENTITY[sdk=iphoneos*]" = "iPhone Developer";
				COPY_PHASE_STRIP = NO;
				DEBUG_INFORMATION_FORMAT = "dwarf-with-dsym";
				ENABLE_NS_ASSERTIONS = NO;
				ENABLE_STRICT_OBJC_MSGSEND = YES;
				GCC_C_LANGUAGE_STANDARD = gnu99;
				GCC_NO_COMMON_BLOCKS = YES;
				GCC_WARN_64_TO_32_BIT_CONVERSION = YES;
				GCC_WARN_ABOUT_RETURN_TYPE = YES_ERROR;
				GCC_WARN_UNDECLARED_SELECTOR = YES;
				GCC_WARN_UNINITIALIZED_AUTOS = YES_AGGRESSIVE;
				GCC_WARN_UNUSED_FUNCTION = YES;
				GCC_WARN_UNUSED_VARIABLE = YES;
				IPHONEOS_DEPLOYMENT_TARGET = 9.0;
				MTL_ENABLE_DEBUG_INFO = NO;
				SDKROOT = iphoneos;
				VALIDATE_PRODUCT = YES;
			};
			name = Release;
		};
		355ECBB41C4943D100B0C089 /* Debug */ = {
			isa = XCBuildConfiguration;
			baseConfigurationReference = C842A4FA9F540977116E3E85 /* Pods.debug.xcconfig */;
			buildSettings = {
				ASSETCATALOG_COMPILER_APPICON_NAME = AppIcon;
				INFOPLIST_FILE = SelfApp1/Info.plist;
				LD_RUNPATH_SEARCH_PATHS = "$(inherited) @executable_path/Frameworks";
				PRODUCT_BUNDLE_IDENTIFIER = "Leon-Liang.SelfApp1";
				PRODUCT_NAME = "$(TARGET_NAME)";
			};
			name = Debug;
		};
		355ECBB51C4943D100B0C089 /* Release */ = {
			isa = XCBuildConfiguration;
			baseConfigurationReference = 1BE56ECE389C6984DB405A57 /* Pods.release.xcconfig */;
			buildSettings = {
				ASSETCATALOG_COMPILER_APPICON_NAME = AppIcon;
				INFOPLIST_FILE = SelfApp1/Info.plist;
				LD_RUNPATH_SEARCH_PATHS = "$(inherited) @executable_path/Frameworks";
				PRODUCT_BUNDLE_IDENTIFIER = "Leon-Liang.SelfApp1";
				PRODUCT_NAME = "$(TARGET_NAME)";
			};
			name = Release;
		};
		355ECBB71C4943D100B0C089 /* Debug */ = {
			isa = XCBuildConfiguration;
			buildSettings = {
				BUNDLE_LOADER = "$(TEST_HOST)";
				INFOPLIST_FILE = SelfApp1Tests/Info.plist;
				LD_RUNPATH_SEARCH_PATHS = "$(inherited) @executable_path/Frameworks @loader_path/Frameworks";
				PRODUCT_BUNDLE_IDENTIFIER = "Leon-Liang.SelfApp1Tests";
				PRODUCT_NAME = "$(TARGET_NAME)";
				TEST_HOST = "$(BUILT_PRODUCTS_DIR)/SelfApp1.app/SelfApp1";
			};
			name = Debug;
		};
		355ECBB81C4943D100B0C089 /* Release */ = {
			isa = XCBuildConfiguration;
			buildSettings = {
				BUNDLE_LOADER = "$(TEST_HOST)";
				INFOPLIST_FILE = SelfApp1Tests/Info.plist;
				LD_RUNPATH_SEARCH_PATHS = "$(inherited) @executable_path/Frameworks @loader_path/Frameworks";
				PRODUCT_BUNDLE_IDENTIFIER = "Leon-Liang.SelfApp1Tests";
				PRODUCT_NAME = "$(TARGET_NAME)";
				TEST_HOST = "$(BUILT_PRODUCTS_DIR)/SelfApp1.app/SelfApp1";
			};
			name = Release;
		};
		355ECBBA1C4943D100B0C089 /* Debug */ = {
			isa = XCBuildConfiguration;
			buildSettings = {
				INFOPLIST_FILE = SelfApp1UITests/Info.plist;
				LD_RUNPATH_SEARCH_PATHS = "$(inherited) @executable_path/Frameworks @loader_path/Frameworks";
				PRODUCT_BUNDLE_IDENTIFIER = "Leon-Liang.SelfApp1UITests";
				PRODUCT_NAME = "$(TARGET_NAME)";
				TEST_TARGET_NAME = SelfApp1;
				USES_XCTRUNNER = YES;
			};
			name = Debug;
		};
		355ECBBB1C4943D100B0C089 /* Release */ = {
			isa = XCBuildConfiguration;
			buildSettings = {
				INFOPLIST_FILE = SelfApp1UITests/Info.plist;
				LD_RUNPATH_SEARCH_PATHS = "$(inherited) @executable_path/Frameworks @loader_path/Frameworks";
				PRODUCT_BUNDLE_IDENTIFIER = "Leon-Liang.SelfApp1UITests";
				PRODUCT_NAME = "$(TARGET_NAME)";
				TEST_TARGET_NAME = SelfApp1;
				USES_XCTRUNNER = YES;
			};
			name = Release;
		};
/* End XCBuildConfiguration section */

/* Begin XCConfigurationList section */
		355ECB7E1C4943D100B0C089 /* Build configuration list for PBXProject "SelfApp1" */ = {
			isa = XCConfigurationList;
			buildConfigurations = (
				355ECBB11C4943D100B0C089 /* Debug */,
				355ECBB21C4943D100B0C089 /* Release */,
			);
			defaultConfigurationIsVisible = 0;
			defaultConfigurationName = Release;
		};
		355ECBB31C4943D100B0C089 /* Build configuration list for PBXNativeTarget "SelfApp1" */ = {
			isa = XCConfigurationList;
			buildConfigurations = (
				355ECBB41C4943D100B0C089 /* Debug */,
				355ECBB51C4943D100B0C089 /* Release */,
			);
			defaultConfigurationIsVisible = 0;
			defaultConfigurationName = Release;
		};
		355ECBB61C4943D100B0C089 /* Build configuration list for PBXNativeTarget "SelfApp1Tests" */ = {
			isa = XCConfigurationList;
			buildConfigurations = (
				355ECBB71C4943D100B0C089 /* Debug */,
				355ECBB81C4943D100B0C089 /* Release */,
			);
			defaultConfigurationIsVisible = 0;
			defaultConfigurationName = Release;
		};
		355ECBB91C4943D100B0C089 /* Build configuration list for PBXNativeTarget "SelfApp1UITests" */ = {
			isa = XCConfigurationList;
			buildConfigurations = (
				355ECBBA1C4943D100B0C089 /* Debug */,
				355ECBBB1C4943D100B0C089 /* Release */,
			);
			defaultConfigurationIsVisible = 0;
			defaultConfigurationName = Release;
		};
/* End XCConfigurationList section */

/* Begin XCVersionGroup section */
		355ECB921C4943D100B0C089 /* SelfApp1.xcdatamodeld */ = {
			isa = XCVersionGroup;
			children = (
				355ECB931C4943D100B0C089 /* SelfApp1.xcdatamodel */,
			);
			currentVersion = 355ECB931C4943D100B0C089 /* SelfApp1.xcdatamodel */;
			path = SelfApp1.xcdatamodeld;
			sourceTree = "<group>";
			versionGroupType = wrapper.xcdatamodel;
		};
/* End XCVersionGroup section */
	};
	rootObject = 355ECB7B1C4943D100B0C089 /* Project object */;
}
